
Microsoft Visual Studio Solution File, Format Version 12.00
# Visual Studio Version 17
VisualStudioVersion = 17.11.35312.102
MinimumVisualStudioVersion = 10.0.40219.1
Project("{2150E333-8FDC-42A3-9474-1A3956D46DE8}") = "Services", "Services", "{61BC476D-F523-48F6-86D2-2020E3F99369}"
EndProject
Project("{2150E333-8FDC-42A3-9474-1A3956D46DE8}") = "Dish", "Dish", "{B013D7EC-621B-4C9F-9648-C81324A838B2}"
EndProject
Project("{FAE04EC0-301F-11D3-BF4B-00C04F79EFBC}") = "DishAPI", "DishAPI\DishAPI.csproj", "{DD63F3CF-986C-4DDB-93C0-D53DA233156A}"
EndProject
Global
	GlobalSection(SolutionConfigurationPlatforms) = preSolution
		Debug|Any CPU = Debug|Any CPU
		Release|Any CPU = Release|Any CPU
	EndGlobalSection
	GlobalSection(ProjectConfigurationPlatforms) = postSolution
		{DD63F3CF-986C-4DDB-93C0-D53DA233156A}.Debug|Any CPU.ActiveCfg = Debug|Any CPU
		{DD63F3CF-986C-4DDB-93C0-D53DA233156A}.Debug|Any CPU.Build.0 = Debug|Any CPU
		{DD63F3CF-986C-4DDB-93C0-D53DA233156A}.Release|Any CPU.ActiveCfg = Release|Any CPU
		{DD63F3CF-986C-4DDB-93C0-D53DA233156A}.Release|Any CPU.Build.0 = Release|Any CPU
	EndGlobalSection
	GlobalSection(SolutionProperties) = preSolution
		HideSolutionNode = FALSE
	EndGlobalSection
	GlobalSection(NestedProjects) = preSolution
		{B013D7EC-621B-4C9F-9648-C81324A838B2} = {61BC476D-F523-48F6-86D2-2020E3F99369}
		{DD63F3CF-986C-4DDB-93C0-D53DA233156A} = {B013D7EC-621B-4C9F-9648-C81324A838B2}
	EndGlobalSection
	GlobalSection(ExtensibilityGlobals) = postSolution
		SolutionGuid = {81FFCBB4-DA92-4F40-AFD5-5A0AC3AD3341}
	EndGlobalSection
EndGlobal
