
Microsoft Visual Studio Solution File, Format Version 12.00
# Visual Studio Version 17
VisualStudioVersion = 17.11.35312.102
MinimumVisualStudioVersion = 10.0.40219.1
Project("{FAE04EC0-301F-11D3-BF4B-00C04F79EFBC}") = "StudentAPI", "StudentAPI\StudentAPI.csproj", "{C072026F-5AF4-44DF-BC1F-1EF5CE147696}"
EndProject
Global
	GlobalSection(SolutionConfigurationPlatforms) = preSolution
		Debug|Any CPU = Debug|Any CPU
		Release|Any CPU = Release|Any CPU
	EndGlobalSection
	GlobalSection(ProjectConfigurationPlatforms) = postSolution
		{C072026F-5AF4-44DF-BC1F-1EF5CE147696}.Debug|Any CPU.ActiveCfg = Debug|Any CPU
		{C072026F-5AF4-44DF-BC1F-1EF5CE147696}.Debug|Any CPU.Build.0 = Debug|Any CPU
		{C072026F-5AF4-44DF-BC1F-1EF5CE147696}.Release|Any CPU.ActiveCfg = Release|Any CPU
		{C072026F-5AF4-44DF-BC1F-1EF5CE147696}.Release|Any CPU.Build.0 = Release|Any CPU
	EndGlobalSection
	GlobalSection(SolutionProperties) = preSolution
		HideSolutionNode = FALSE
	EndGlobalSection
	GlobalSection(ExtensibilityGlobals) = postSolution
		SolutionGuid = {B3A2EE2B-BFE4-4C72-82EA-D91B3ECF1D83}
	EndGlobalSection
EndGlobal
