
Microsoft Visual Studio Solution File, Format Version 12.00
# Visual Studio Version 17
VisualStudioVersion = 17.11.35312.102
MinimumVisualStudioVersion = 10.0.40219.1
Project("{2150E333-8FDC-42A3-9474-1A3956D46DE8}") = "Service", "Service", "{B1F3796F-85ED-49B4-9B7C-50F73D24C5AA}"
EndProject
Project("{FAE04EC0-301F-11D3-BF4B-00C04F79EFBC}") = "CourseAPI", "CourseAPI\CourseAPI.csproj", "{DC59FBE3-C997-4C19-9084-015BC91E62BD}"
EndProject
Global
	GlobalSection(SolutionConfigurationPlatforms) = preSolution
		Debug|Any CPU = Debug|Any CPU
		Release|Any CPU = Release|Any CPU
	EndGlobalSection
	GlobalSection(ProjectConfigurationPlatforms) = postSolution
		{DC59FBE3-C997-4C19-9084-015BC91E62BD}.Debug|Any CPU.ActiveCfg = Debug|Any CPU
		{DC59FBE3-C997-4C19-9084-015BC91E62BD}.Debug|Any CPU.Build.0 = Debug|Any CPU
		{DC59FBE3-C997-4C19-9084-015BC91E62BD}.Release|Any CPU.ActiveCfg = Release|Any CPU
		{DC59FBE3-C997-4C19-9084-015BC91E62BD}.Release|Any CPU.Build.0 = Release|Any CPU
	EndGlobalSection
	GlobalSection(SolutionProperties) = preSolution
		HideSolutionNode = FALSE
	EndGlobalSection
	GlobalSection(NestedProjects) = preSolution
		{DC59FBE3-C997-4C19-9084-015BC91E62BD} = {B1F3796F-85ED-49B4-9B7C-50F73D24C5AA}
	EndGlobalSection
	GlobalSection(ExtensibilityGlobals) = postSolution
		SolutionGuid = {9922794D-693F-42E6-B1EE-FD55AB115EA7}
	EndGlobalSection
EndGlobal
